
Microsoft Visual Studio Solution File, Format Version 12.00
# Visual Studio Version 16
VisualStudioVersion = 16.0.30523.141
MinimumVisualStudioVersion = 10.0.40219.1
Project("{FAE04EC0-301F-11D3-BF4B-00C04F79EFBC}") = "Styles_Triggers_Animations", "Styles_Triggers_Animations.csproj", "{9AC29ADC-EA08-42A7-B6FF-11E65DE82FCE}"
EndProject
Global
	GlobalSection(SolutionConfigurationPlatforms) = preSolution
		Debug|Any CPU = Debug|Any CPU
		Release|Any CPU = Release|Any CPU
	EndGlobalSection
	GlobalSection(ProjectConfigurationPlatforms) = postSolution
		{9AC29ADC-EA08-42A7-B6FF-11E65DE82FCE}.Debug|Any CPU.ActiveCfg = Debug|Any CPU
		{9AC29ADC-EA08-42A7-B6FF-11E65DE82FCE}.Debug|Any CPU.Build.0 = Debug|Any CPU
		{9AC29ADC-EA08-42A7-B6FF-11E65DE82FCE}.Release|Any CPU.ActiveCfg = Release|Any CPU
		{9AC29ADC-EA08-42A7-B6FF-11E65DE82FCE}.Release|Any CPU.Build.0 = Release|Any CPU
	EndGlobalSection
	GlobalSection(SolutionProperties) = preSolution
		HideSolutionNode = FALSE
	EndGlobalSection
	GlobalSection(ExtensibilityGlobals) = postSolution
		SolutionGuid = {27838B11-2782-4F1A-8BB4-0EAC273408B9}
	EndGlobalSection
EndGlobal
